// !$*UTF8*$!
{
	archiveVersion = 1;
	classes = {
	};
	objectVersion = 55;
	objects = {

/* Begin PBXBuildFile section */
		FB08091C2817FEF400857A98 /* FirebaseAuth in Frameworks */ = {isa = PBXBuildFile; productRef = FB08091B2817FEF400857A98 /* FirebaseAuth */; };
		FB08091E2817FEF400857A98 /* FirebaseFirestore in Frameworks */ = {isa = PBXBuildFile; productRef = FB08091D2817FEF400857A98 /* FirebaseFirestore */; };
		FB0809202817FEF400857A98 /* FirebaseStorage in Frameworks */ = {isa = PBXBuildFile; productRef = FB08091F2817FEF400857A98 /* FirebaseStorage */; };
		FB40A322282B8BC800DCD1F0 /* ScreenController.swift in Sources */ = {isa = PBXBuildFile; fileRef = FB40A321282B8BC800DCD1F0 /* ScreenController.swift */; };
		FB40A32A282B929800DCD1F0 /* ScreenViewModel.swift in Sources */ = {isa = PBXBuildFile; fileRef = FB40A329282B929800DCD1F0 /* ScreenViewModel.swift */; };
		FB40A32D282B93D900DCD1F0 /* ScreenCell.swift in Sources */ = {isa = PBXBuildFile; fileRef = FB40A32C282B93D900DCD1F0 /* ScreenCell.swift */; };
		FB40A334282E58AC00DCD1F0 /* EditUserInfoController.swift in Sources */ = {isa = PBXBuildFile; fileRef = FB40A333282E58AC00DCD1F0 /* EditUserInfoController.swift */; };
		FB40A33A282E676A00DCD1F0 /* EditUserInfoView.swift in Sources */ = {isa = PBXBuildFile; fileRef = FB40A339282E676A00DCD1F0 /* EditUserInfoView.swift */; };
		FB40A33C282E6AD400DCD1F0 /* EditInfoInputContainerView.swift in Sources */ = {isa = PBXBuildFile; fileRef = FB40A33B282E6AD400DCD1F0 /* EditInfoInputContainerView.swift */; };
		FB40A33E282E6C0600DCD1F0 /* CustomLabel.swift in Sources */ = {isa = PBXBuildFile; fileRef = FB40A33D282E6C0600DCD1F0 /* CustomLabel.swift */; };
		FB40A340282E723300DCD1F0 /* UITextField+.swift in Sources */ = {isa = PBXBuildFile; fileRef = FB40A33F282E723300DCD1F0 /* UITextField+.swift */; };
		FB40A345282F921300DCD1F0 /* Credentials.swift in Sources */ = {isa = PBXBuildFile; fileRef = FB40A344282F921300DCD1F0 /* Credentials.swift */; };
		FB792B0C282A5358004B748F /* GoogleService-Info.plist in Resources */ = {isa = PBXBuildFile; fileRef = FB792B0B282A5358004B748F /* GoogleService-Info.plist */; };
		FB8B921927FEE354009ED9B2 /* MessageViewModel.swift in Sources */ = {isa = PBXBuildFile; fileRef = FB8B921827FEE354009ED9B2 /* MessageViewModel.swift */; };
		FB8B921E28001B44009ED9B2 /* Constants.swift in Sources */ = {isa = PBXBuildFile; fileRef = FB8B921D28001B44009ED9B2 /* Constants.swift */; };
		FB8B92202802C9B2009ED9B2 /* ConversationCell.swift in Sources */ = {isa = PBXBuildFile; fileRef = FB8B921F2802C9B2009ED9B2 /* ConversationCell.swift */; };
		FB8B92222802CF14009ED9B2 /* ConversationViewModel.swift in Sources */ = {isa = PBXBuildFile; fileRef = FB8B92212802CF13009ED9B2 /* ConversationViewModel.swift */; };
		FB8B92242802D44F009ED9B2 /* ProfileController.swift in Sources */ = {isa = PBXBuildFile; fileRef = FB8B92232802D44F009ED9B2 /* ProfileController.swift */; };
		FB8B92262802D61C009ED9B2 /* ProfileHeader.swift in Sources */ = {isa = PBXBuildFile; fileRef = FB8B92252802D61C009ED9B2 /* ProfileHeader.swift */; };
		FB8B92282802E65F009ED9B2 /* ProfileViewModel.swift in Sources */ = {isa = PBXBuildFile; fileRef = FB8B92272802E65F009ED9B2 /* ProfileViewModel.swift */; };
		FB8B922A2802E7CC009ED9B2 /* ProfileCell.swift in Sources */ = {isa = PBXBuildFile; fileRef = FB8B92292802E7CC009ED9B2 /* ProfileCell.swift */; };
		FB8B922C28041A18009ED9B2 /* ProfileFooter.swift in Sources */ = {isa = PBXBuildFile; fileRef = FB8B922B28041A18009ED9B2 /* ProfileFooter.swift */; };
		FB8B9307280AC040009ED9B2 /* Coordinator.swift in Sources */ = {isa = PBXBuildFile; fileRef = FB8B9306280AC040009ED9B2 /* Coordinator.swift */; };
		FB8B9309280AC0FE009ED9B2 /* MainCoordinator.swift in Sources */ = {isa = PBXBuildFile; fileRef = FB8B9308280AC0FE009ED9B2 /* MainCoordinator.swift */; };
		FB8B930B280AC466009ED9B2 /* SettingController.swift in Sources */ = {isa = PBXBuildFile; fileRef = FB8B930A280AC466009ED9B2 /* SettingController.swift */; };
		FB8B930D280AC52A009ED9B2 /* SettingViewModel.swift in Sources */ = {isa = PBXBuildFile; fileRef = FB8B930C280AC52A009ED9B2 /* SettingViewModel.swift */; };
		FB8B930F280AC6AF009ED9B2 /* SettingCell.swift in Sources */ = {isa = PBXBuildFile; fileRef = FB8B930E280AC6AF009ED9B2 /* SettingCell.swift */; };
		FB8B9311280ADB4A009ED9B2 /* UserInfoController.swift in Sources */ = {isa = PBXBuildFile; fileRef = FB8B9310280ADB49009ED9B2 /* UserInfoController.swift */; };
		FB9DDF2127FECF4C0017DF57 /* MessageCell.swift in Sources */ = {isa = PBXBuildFile; fileRef = FB9DDF2027FECF4C0017DF57 /* MessageCell.swift */; };
		FB9DDF2327FEDE7A0017DF57 /* Message.swift in Sources */ = {isa = PBXBuildFile; fileRef = FB9DDF2227FEDE7A0017DF57 /* Message.swift */; };
		FBA6B64E280ADC4100A32B6E /* UserInfoViewModel.swift in Sources */ = {isa = PBXBuildFile; fileRef = FBA6B64D280ADC4100A32B6E /* UserInfoViewModel.swift */; };
		FBA6B650280ADD9A00A32B6E /* UserInfoCell.swift in Sources */ = {isa = PBXBuildFile; fileRef = FBA6B64F280ADD9A00A32B6E /* UserInfoCell.swift */; };
		FBE141B927F6DE5100B461A0 /* LoginViewModel.swift in Sources */ = {isa = PBXBuildFile; fileRef = FBE141B827F6DE5100B461A0 /* LoginViewModel.swift */; };
		FBE141BC27F6F4CD00B461A0 /* RegistrationViewModel.swift in Sources */ = {isa = PBXBuildFile; fileRef = FBE141BB27F6F4CD00B461A0 /* RegistrationViewModel.swift */; };
		FBE141C827F8367F00B461A0 /* Kingfisher in Frameworks */ = {isa = PBXBuildFile; productRef = FBE141C727F8367F00B461A0 /* Kingfisher */; };
		FBE141CB27F836A000B461A0 /* JGProgressHUD in Frameworks */ = {isa = PBXBuildFile; productRef = FBE141CA27F836A000B461A0 /* JGProgressHUD */; };
		FBE141D027F853A300B461A0 /* SwiftyBeaver in Frameworks */ = {isa = PBXBuildFile; productRef = FBE141CF27F853A300B461A0 /* SwiftyBeaver */; };
		FBE141D227F9865400B461A0 /* AuthService.swift in Sources */ = {isa = PBXBuildFile; fileRef = FBE141D127F9865400B461A0 /* AuthService.swift */; };
		FBE141D427FAECCA00B461A0 /* NewMessageController.swift in Sources */ = {isa = PBXBuildFile; fileRef = FBE141D327FAECCA00B461A0 /* NewMessageController.swift */; };
		FBE141D627FAFA3F00B461A0 /* NewMessageCell.swift in Sources */ = {isa = PBXBuildFile; fileRef = FBE141D527FAFA3F00B461A0 /* NewMessageCell.swift */; };
		FBE141D827FAFFD400B461A0 /* User.swift in Sources */ = {isa = PBXBuildFile; fileRef = FBE141D727FAFFD400B461A0 /* User.swift */; };
		FBE141DA27FB001B00B461A0 /* Service.swift in Sources */ = {isa = PBXBuildFile; fileRef = FBE141D927FB001B00B461A0 /* Service.swift */; };
		FBE141DC27FC513900B461A0 /* ChatController.swift in Sources */ = {isa = PBXBuildFile; fileRef = FBE141DB27FC513900B461A0 /* ChatController.swift */; };
		FBE141DE27FC85F000B461A0 /* CustomInputAccessoryView.swift in Sources */ = {isa = PBXBuildFile; fileRef = FBE141DD27FC85F000B461A0 /* CustomInputAccessoryView.swift */; };
		FBF8C2E127EDCFFE0000F7F7 /* AppDelegate.swift in Sources */ = {isa = PBXBuildFile; fileRef = FBF8C2E027EDCFFE0000F7F7 /* AppDelegate.swift */; };
		FBF8C2E327EDCFFE0000F7F7 /* SceneDelegate.swift in Sources */ = {isa = PBXBuildFile; fileRef = FBF8C2E227EDCFFE0000F7F7 /* SceneDelegate.swift */; };
		FBF8C2E527EDCFFE0000F7F7 /* ViewController.swift in Sources */ = {isa = PBXBuildFile; fileRef = FBF8C2E427EDCFFE0000F7F7 /* ViewController.swift */; };
		FBF8C2E827EDCFFE0000F7F7 /* Main.storyboard in Resources */ = {isa = PBXBuildFile; fileRef = FBF8C2E627EDCFFE0000F7F7 /* Main.storyboard */; };
		FBF8C2EA27EDCFFF0000F7F7 /* Assets.xcassets in Resources */ = {isa = PBXBuildFile; fileRef = FBF8C2E927EDCFFF0000F7F7 /* Assets.xcassets */; };
		FBF8C2ED27EDCFFF0000F7F7 /* LaunchScreen.storyboard in Resources */ = {isa = PBXBuildFile; fileRef = FBF8C2EB27EDCFFF0000F7F7 /* LaunchScreen.storyboard */; };
		FBF8C2FB27EDD0730000F7F7 /* ConversationsController.swift in Sources */ = {isa = PBXBuildFile; fileRef = FBF8C2FA27EDD0730000F7F7 /* ConversationsController.swift */; };
		FBF8C2FE27EF0CB30000F7F7 /* SnapKit in Frameworks */ = {isa = PBXBuildFile; productRef = FBF8C2FD27EF0CB30000F7F7 /* SnapKit */; };
		FBF8C30127EF0CC80000F7F7 /* Then in Frameworks */ = {isa = PBXBuildFile; productRef = FBF8C30027EF0CC80000F7F7 /* Then */; };
		FBF8C30627EF18290000F7F7 /* LoginController.swift in Sources */ = {isa = PBXBuildFile; fileRef = FBF8C30527EF18290000F7F7 /* LoginController.swift */; };
		FBF8C30827EF18830000F7F7 /* RegistrationController.swift in Sources */ = {isa = PBXBuildFile; fileRef = FBF8C30727EF18830000F7F7 /* RegistrationController.swift */; };
		FBF8C30A27EF21D90000F7F7 /* UIView+.swift in Sources */ = {isa = PBXBuildFile; fileRef = FBF8C30927EF21D90000F7F7 /* UIView+.swift */; };
		FBF8C30C27F04A1F0000F7F7 /* InputContainerView.swift in Sources */ = {isa = PBXBuildFile; fileRef = FBF8C30B27F04A1F0000F7F7 /* InputContainerView.swift */; };
		FBF8C30E27F0537D0000F7F7 /* CustomTextField.swift in Sources */ = {isa = PBXBuildFile; fileRef = FBF8C30D27F0537D0000F7F7 /* CustomTextField.swift */; };
		FBF8C31027F05DF70000F7F7 /* UIViewController+.swift in Sources */ = {isa = PBXBuildFile; fileRef = FBF8C30F27F05DF70000F7F7 /* UIViewController+.swift */; };
/* End PBXBuildFile section */

/* Begin PBXFileReference section */
		FB40A321282B8BC800DCD1F0 /* ScreenController.swift */ = {isa = PBXFileReference; lastKnownFileType = sourcecode.swift; path = ScreenController.swift; sourceTree = "<group>"; };
		FB40A329282B929800DCD1F0 /* ScreenViewModel.swift */ = {isa = PBXFileReference; lastKnownFileType = sourcecode.swift; path = ScreenViewModel.swift; sourceTree = "<group>"; };
		FB40A32C282B93D900DCD1F0 /* ScreenCell.swift */ = {isa = PBXFileReference; lastKnownFileType = sourcecode.swift; path = ScreenCell.swift; sourceTree = "<group>"; };
		FB40A333282E58AC00DCD1F0 /* EditUserInfoController.swift */ = {isa = PBXFileReference; lastKnownFileType = sourcecode.swift; path = EditUserInfoController.swift; sourceTree = "<group>"; };
		FB40A339282E676A00DCD1F0 /* EditUserInfoView.swift */ = {isa = PBXFileReference; lastKnownFileType = sourcecode.swift; path = EditUserInfoView.swift; sourceTree = "<group>"; };
		FB40A33B282E6AD400DCD1F0 /* EditInfoInputContainerView.swift */ = {isa = PBXFileReference; lastKnownFileType = sourcecode.swift; path = EditInfoInputContainerView.swift; sourceTree = "<group>"; };
		FB40A33D282E6C0600DCD1F0 /* CustomLabel.swift */ = {isa = PBXFileReference; lastKnownFileType = sourcecode.swift; path = CustomLabel.swift; sourceTree = "<group>"; };
		FB40A33F282E723300DCD1F0 /* UITextField+.swift */ = {isa = PBXFileReference; lastKnownFileType = sourcecode.swift; path = "UITextField+.swift"; sourceTree = "<group>"; };
		FB40A344282F921300DCD1F0 /* Credentials.swift */ = {isa = PBXFileReference; lastKnownFileType = sourcecode.swift; path = Credentials.swift; sourceTree = "<group>"; };
		FB792B0B282A5358004B748F /* GoogleService-Info.plist */ = {isa = PBXFileReference; fileEncoding = 4; lastKnownFileType = text.plist.xml; path = "GoogleService-Info.plist"; sourceTree = "<group>"; };
		FB8B921827FEE354009ED9B2 /* MessageViewModel.swift */ = {isa = PBXFileReference; lastKnownFileType = sourcecode.swift; path = MessageViewModel.swift; sourceTree = "<group>"; };
		FB8B921D28001B44009ED9B2 /* Constants.swift */ = {isa = PBXFileReference; lastKnownFileType = sourcecode.swift; path = Constants.swift; sourceTree = "<group>"; };
		FB8B921F2802C9B2009ED9B2 /* ConversationCell.swift */ = {isa = PBXFileReference; lastKnownFileType = sourcecode.swift; path = ConversationCell.swift; sourceTree = "<group>"; };
		FB8B92212802CF13009ED9B2 /* ConversationViewModel.swift */ = {isa = PBXFileReference; lastKnownFileType = sourcecode.swift; path = ConversationViewModel.swift; sourceTree = "<group>"; };
		FB8B92232802D44F009ED9B2 /* ProfileController.swift */ = {isa = PBXFileReference; lastKnownFileType = sourcecode.swift; path = ProfileController.swift; sourceTree = "<group>"; };
		FB8B92252802D61C009ED9B2 /* ProfileHeader.swift */ = {isa = PBXFileReference; lastKnownFileType = sourcecode.swift; path = ProfileHeader.swift; sourceTree = "<group>"; };
		FB8B92272802E65F009ED9B2 /* ProfileViewModel.swift */ = {isa = PBXFileReference; lastKnownFileType = sourcecode.swift; path = ProfileViewModel.swift; sourceTree = "<group>"; };
		FB8B92292802E7CC009ED9B2 /* ProfileCell.swift */ = {isa = PBXFileReference; lastKnownFileType = sourcecode.swift; path = ProfileCell.swift; sourceTree = "<group>"; };
		FB8B922B28041A18009ED9B2 /* ProfileFooter.swift */ = {isa = PBXFileReference; lastKnownFileType = sourcecode.swift; path = ProfileFooter.swift; sourceTree = "<group>"; };
		FB8B9306280AC040009ED9B2 /* Coordinator.swift */ = {isa = PBXFileReference; lastKnownFileType = sourcecode.swift; path = Coordinator.swift; sourceTree = "<group>"; };
		FB8B9308280AC0FE009ED9B2 /* MainCoordinator.swift */ = {isa = PBXFileReference; lastKnownFileType = sourcecode.swift; path = MainCoordinator.swift; sourceTree = "<group>"; };
		FB8B930A280AC466009ED9B2 /* SettingController.swift */ = {isa = PBXFileReference; lastKnownFileType = sourcecode.swift; path = SettingController.swift; sourceTree = "<group>"; };
		FB8B930C280AC52A009ED9B2 /* SettingViewModel.swift */ = {isa = PBXFileReference; lastKnownFileType = sourcecode.swift; path = SettingViewModel.swift; sourceTree = "<group>"; };
		FB8B930E280AC6AF009ED9B2 /* SettingCell.swift */ = {isa = PBXFileReference; lastKnownFileType = sourcecode.swift; path = SettingCell.swift; sourceTree = "<group>"; };
		FB8B9310280ADB49009ED9B2 /* UserInfoController.swift */ = {isa = PBXFileReference; lastKnownFileType = sourcecode.swift; path = UserInfoController.swift; sourceTree = "<group>"; };
		FB9DDF2027FECF4C0017DF57 /* MessageCell.swift */ = {isa = PBXFileReference; lastKnownFileType = sourcecode.swift; path = MessageCell.swift; sourceTree = "<group>"; };
		FB9DDF2227FEDE7A0017DF57 /* Message.swift */ = {isa = PBXFileReference; lastKnownFileType = sourcecode.swift; path = Message.swift; sourceTree = "<group>"; };
		FBA6B64D280ADC4100A32B6E /* UserInfoViewModel.swift */ = {isa = PBXFileReference; lastKnownFileType = sourcecode.swift; path = UserInfoViewModel.swift; sourceTree = "<group>"; };
		FBA6B64F280ADD9A00A32B6E /* UserInfoCell.swift */ = {isa = PBXFileReference; lastKnownFileType = sourcecode.swift; path = UserInfoCell.swift; sourceTree = "<group>"; };
		FBE141B827F6DE5100B461A0 /* LoginViewModel.swift */ = {isa = PBXFileReference; lastKnownFileType = sourcecode.swift; path = LoginViewModel.swift; sourceTree = "<group>"; };
		FBE141BB27F6F4CD00B461A0 /* RegistrationViewModel.swift */ = {isa = PBXFileReference; lastKnownFileType = sourcecode.swift; path = RegistrationViewModel.swift; sourceTree = "<group>"; };
		FBE141D127F9865400B461A0 /* AuthService.swift */ = {isa = PBXFileReference; lastKnownFileType = sourcecode.swift; path = AuthService.swift; sourceTree = "<group>"; };
		FBE141D327FAECCA00B461A0 /* NewMessageController.swift */ = {isa = PBXFileReference; lastKnownFileType = sourcecode.swift; path = NewMessageController.swift; sourceTree = "<group>"; };
		FBE141D527FAFA3F00B461A0 /* NewMessageCell.swift */ = {isa = PBXFileReference; lastKnownFileType = sourcecode.swift; path = NewMessageCell.swift; sourceTree = "<group>"; };
		FBE141D727FAFFD400B461A0 /* User.swift */ = {isa = PBXFileReference; lastKnownFileType = sourcecode.swift; path = User.swift; sourceTree = "<group>"; };
		FBE141D927FB001B00B461A0 /* Service.swift */ = {isa = PBXFileReference; lastKnownFileType = sourcecode.swift; path = Service.swift; sourceTree = "<group>"; };
		FBE141DB27FC513900B461A0 /* ChatController.swift */ = {isa = PBXFileReference; lastKnownFileType = sourcecode.swift; path = ChatController.swift; sourceTree = "<group>"; };
		FBE141DD27FC85F000B461A0 /* CustomInputAccessoryView.swift */ = {isa = PBXFileReference; lastKnownFileType = sourcecode.swift; path = CustomInputAccessoryView.swift; sourceTree = "<group>"; };
		FBF8C2DD27EDCFFE0000F7F7 /* ChatApp.app */ = {isa = PBXFileReference; explicitFileType = wrapper.application; includeInIndex = 0; path = ChatApp.app; sourceTree = BUILT_PRODUCTS_DIR; };
		FBF8C2E027EDCFFE0000F7F7 /* AppDelegate.swift */ = {isa = PBXFileReference; lastKnownFileType = sourcecode.swift; path = AppDelegate.swift; sourceTree = "<group>"; };
		FBF8C2E227EDCFFE0000F7F7 /* SceneDelegate.swift */ = {isa = PBXFileReference; lastKnownFileType = sourcecode.swift; path = SceneDelegate.swift; sourceTree = "<group>"; };
		FBF8C2E427EDCFFE0000F7F7 /* ViewController.swift */ = {isa = PBXFileReference; lastKnownFileType = sourcecode.swift; path = ViewController.swift; sourceTree = "<group>"; };
		FBF8C2E727EDCFFE0000F7F7 /* Base */ = {isa = PBXFileReference; lastKnownFileType = file.storyboard; name = Base; path = Base.lproj/Main.storyboard; sourceTree = "<group>"; };
		FBF8C2E927EDCFFF0000F7F7 /* Assets.xcassets */ = {isa = PBXFileReference; lastKnownFileType = folder.assetcatalog; path = Assets.xcassets; sourceTree = "<group>"; };
		FBF8C2EC27EDCFFF0000F7F7 /* Base */ = {isa = PBXFileReference; lastKnownFileType = file.storyboard; name = Base; path = Base.lproj/LaunchScreen.storyboard; sourceTree = "<group>"; };
		FBF8C2EE27EDCFFF0000F7F7 /* Info.plist */ = {isa = PBXFileReference; lastKnownFileType = text.plist.xml; path = Info.plist; sourceTree = "<group>"; };
		FBF8C2FA27EDD0730000F7F7 /* ConversationsController.swift */ = {isa = PBXFileReference; lastKnownFileType = sourcecode.swift; path = ConversationsController.swift; sourceTree = "<group>"; };
		FBF8C30527EF18290000F7F7 /* LoginController.swift */ = {isa = PBXFileReference; lastKnownFileType = sourcecode.swift; path = LoginController.swift; sourceTree = "<group>"; };
		FBF8C30727EF18830000F7F7 /* RegistrationController.swift */ = {isa = PBXFileReference; lastKnownFileType = sourcecode.swift; path = RegistrationController.swift; sourceTree = "<group>"; };
		FBF8C30927EF21D90000F7F7 /* UIView+.swift */ = {isa = PBXFileReference; lastKnownFileType = sourcecode.swift; path = "UIView+.swift"; sourceTree = "<group>"; };
		FBF8C30B27F04A1F0000F7F7 /* InputContainerView.swift */ = {isa = PBXFileReference; lastKnownFileType = sourcecode.swift; path = InputContainerView.swift; sourceTree = "<group>"; };
		FBF8C30D27F0537D0000F7F7 /* CustomTextField.swift */ = {isa = PBXFileReference; lastKnownFileType = sourcecode.swift; path = CustomTextField.swift; sourceTree = "<group>"; };
		FBF8C30F27F05DF70000F7F7 /* UIViewController+.swift */ = {isa = PBXFileReference; lastKnownFileType = sourcecode.swift; path = "UIViewController+.swift"; sourceTree = "<group>"; };
/* End PBXFileReference section */

/* Begin PBXFrameworksBuildPhase section */
		FBF8C2DA27EDCFFE0000F7F7 /* Frameworks */ = {
			isa = PBXFrameworksBuildPhase;
			buildActionMask = 2147483647;
			files = (
				FBE141C827F8367F00B461A0 /* Kingfisher in Frameworks */,
				FB08091C2817FEF400857A98 /* FirebaseAuth in Frameworks */,
				FBE141CB27F836A000B461A0 /* JGProgressHUD in Frameworks */,
				FBF8C2FE27EF0CB30000F7F7 /* SnapKit in Frameworks */,
				FBF8C30127EF0CC80000F7F7 /* Then in Frameworks */,
				FB0809202817FEF400857A98 /* FirebaseStorage in Frameworks */,
				FBE141D027F853A300B461A0 /* SwiftyBeaver in Frameworks */,
				FB08091E2817FEF400857A98 /* FirebaseFirestore in Frameworks */,
			);
			runOnlyForDeploymentPostprocessing = 0;
		};
/* End PBXFrameworksBuildPhase section */

/* Begin PBXGroup section */
		FB0809232819263B00857A98 /* Login */ = {
			isa = PBXGroup;
			children = (
				FB0809302819285B00857A98 /* VIewModel */,
				FBF8C30527EF18290000F7F7 /* LoginController.swift */,
			);
			path = Login;
			sourceTree = "<group>";
		};
		FB0809252819265100857A98 /* Registration */ = {
			isa = PBXGroup;
			children = (
				FB0809312819286600857A98 /* ViewModel */,
				FBF8C30727EF18830000F7F7 /* RegistrationController.swift */,
			);
			path = Registration;
			sourceTree = "<group>";
		};
		FB0809262819267700857A98 /* Main */ = {
			isa = PBXGroup;
			children = (
				FB080927281926E800857A98 /* NewMessage */,
				FB0809352819291900857A98 /* ViewModel */,
				FB0809342819290000857A98 /* Cell */,
				FBF8C2FA27EDD0730000F7F7 /* ConversationsController.swift */,
			);
			path = Main;
			sourceTree = "<group>";
		};
		FB080927281926E800857A98 /* NewMessage */ = {
			isa = PBXGroup;
			children = (
				FBE141D527FAFA3F00B461A0 /* NewMessageCell.swift */,
				FBE141D327FAECCA00B461A0 /* NewMessageController.swift */,
			);
			path = NewMessage;
			sourceTree = "<group>";
		};
		FB0809282819276A00857A98 /* Chat */ = {
			isa = PBXGroup;
			children = (
				FB0809372819294200857A98 /* ViewModel */,
				FB0809362819293E00857A98 /* Cell */,
				FBE141DB27FC513900B461A0 /* ChatController.swift */,
			);
			path = Chat;
			sourceTree = "<group>";
		};
		FB0809292819279D00857A98 /* Settings */ = {
			isa = PBXGroup;
			children = (
				FB8B930E280AC6AF009ED9B2 /* SettingCell.swift */,
				FB8B930C280AC52A009ED9B2 /* SettingViewModel.swift */,
				FB8B930A280AC466009ED9B2 /* SettingController.swift */,
				FB40A324282B91EC00DCD1F0 /* Push */,
				FB40A323282B91E900DCD1F0 /* Screen */,
			);
			path = Settings;
			sourceTree = "<group>";
		};
		FB08092A281927A400857A98 /* UserInfo */ = {
			isa = PBXGroup;
			children = (
				FB08092E2819283D00857A98 /* ViewModel */,
				FB0809322819289900857A98 /* Cell */,
				FB8B9310280ADB49009ED9B2 /* UserInfoController.swift */,
				FB40A333282E58AC00DCD1F0 /* EditUserInfoController.swift */,
				FB40A339282E676A00DCD1F0 /* EditUserInfoView.swift */,
			);
			path = UserInfo;
			sourceTree = "<group>";
		};
		FB08092B2819280100857A98 /* Profile */ = {
			isa = PBXGroup;
			children = (
				FB08092F2819284800857A98 /* ViewModel */,
				FB08092C2819281600857A98 /* Cell */,
				FB8B92232802D44F009ED9B2 /* ProfileController.swift */,
			);
			path = Profile;
			sourceTree = "<group>";
		};
		FB08092C2819281600857A98 /* Cell */ = {
			isa = PBXGroup;
			children = (
				FB8B92252802D61C009ED9B2 /* ProfileHeader.swift */,
				FB8B92292802E7CC009ED9B2 /* ProfileCell.swift */,
				FB8B922B28041A18009ED9B2 /* ProfileFooter.swift */,
			);
			path = Cell;
			sourceTree = "<group>";
		};
		FB08092E2819283D00857A98 /* ViewModel */ = {
			isa = PBXGroup;
			children = (
				FBA6B64D280ADC4100A32B6E /* UserInfoViewModel.swift */,
			);
			path = ViewModel;
			sourceTree = "<group>";
		};
		FB08092F2819284800857A98 /* ViewModel */ = {
			isa = PBXGroup;
			children = (
				FB8B92272802E65F009ED9B2 /* ProfileViewModel.swift */,
			);
			path = ViewModel;
			sourceTree = "<group>";
		};
		FB0809302819285B00857A98 /* VIewModel */ = {
			isa = PBXGroup;
			children = (
				FBE141B827F6DE5100B461A0 /* LoginViewModel.swift */,
			);
			path = VIewModel;
			sourceTree = "<group>";
		};
		FB0809312819286600857A98 /* ViewModel */ = {
			isa = PBXGroup;
			children = (
				FBE141BB27F6F4CD00B461A0 /* RegistrationViewModel.swift */,
			);
			path = ViewModel;
			sourceTree = "<group>";
		};
		FB0809322819289900857A98 /* Cell */ = {
			isa = PBXGroup;
			children = (
				FBA6B64F280ADD9A00A32B6E /* UserInfoCell.swift */,
			);
			path = Cell;
			sourceTree = "<group>";
		};
		FB0809342819290000857A98 /* Cell */ = {
			isa = PBXGroup;
			children = (
				FB8B921F2802C9B2009ED9B2 /* ConversationCell.swift */,
			);
			path = Cell;
			sourceTree = "<group>";
		};
		FB0809352819291900857A98 /* ViewModel */ = {
			isa = PBXGroup;
			children = (
				FB8B92212802CF13009ED9B2 /* ConversationViewModel.swift */,
			);
			path = ViewModel;
			sourceTree = "<group>";
		};
		FB0809362819293E00857A98 /* Cell */ = {
			isa = PBXGroup;
			children = (
				FB9DDF2027FECF4C0017DF57 /* MessageCell.swift */,
			);
			path = Cell;
			sourceTree = "<group>";
		};
		FB0809372819294200857A98 /* ViewModel */ = {
			isa = PBXGroup;
			children = (
				FB8B921827FEE354009ED9B2 /* MessageViewModel.swift */,
			);
			path = ViewModel;
			sourceTree = "<group>";
		};
		FB40A323282B91E900DCD1F0 /* Screen */ = {
			isa = PBXGroup;
			children = (
				FB40A326282B921000DCD1F0 /* ViewModel */,
				FB40A32B282B93C800DCD1F0 /* Cell */,
				FB40A327282B921500DCD1F0 /* Controller */,
			);
			path = Screen;
			sourceTree = "<group>";
		};
		FB40A324282B91EC00DCD1F0 /* Push */ = {
			isa = PBXGroup;
			children = (
				FB40A325282B920800DCD1F0 /* ViewModel */,
				FB40A328282B922400DCD1F0 /* Controller */,
			);
			path = Push;
			sourceTree = "<group>";
		};
		FB40A325282B920800DCD1F0 /* ViewModel */ = {
			isa = PBXGroup;
			children = (
			);
			path = ViewModel;
			sourceTree = "<group>";
		};
		FB40A326282B921000DCD1F0 /* ViewModel */ = {
			isa = PBXGroup;
			children = (
				FB40A329282B929800DCD1F0 /* ScreenViewModel.swift */,
			);
			path = ViewModel;
			sourceTree = "<group>";
		};
		FB40A327282B921500DCD1F0 /* Controller */ = {
			isa = PBXGroup;
			children = (
				FB40A321282B8BC800DCD1F0 /* ScreenController.swift */,
			);
			path = Controller;
			sourceTree = "<group>";
		};
		FB40A328282B922400DCD1F0 /* Controller */ = {
			isa = PBXGroup;
			children = (
			);
			path = Controller;
			sourceTree = "<group>";
		};
		FB40A32B282B93C800DCD1F0 /* Cell */ = {
			isa = PBXGroup;
			children = (
				FB40A32C282B93D900DCD1F0 /* ScreenCell.swift */,
			);
			path = Cell;
			sourceTree = "<group>";
		};
		FB8B921C28001B36009ED9B2 /* Extension+ */ = {
			isa = PBXGroup;
			children = (
				FBF8C30927EF21D90000F7F7 /* UIView+.swift */,
				FBF8C30F27F05DF70000F7F7 /* UIViewController+.swift */,
				FB40A33F282E723300DCD1F0 /* UITextField+.swift */,
			);
			path = "Extension+";
			sourceTree = "<group>";
		};
		FB8B9305280AC036009ED9B2 /* Coordinator */ = {
			isa = PBXGroup;
			children = (
				FB8B9306280AC040009ED9B2 /* Coordinator.swift */,
				FB8B9308280AC0FE009ED9B2 /* MainCoordinator.swift */,
			);
			path = Coordinator;
			sourceTree = "<group>";
		};
		FBF8C2D427EDCFFE0000F7F7 = {
			isa = PBXGroup;
			children = (
				FBF8C2DF27EDCFFE0000F7F7 /* ChatApp */,
				FBF8C2DE27EDCFFE0000F7F7 /* Products */,
			);
			sourceTree = "<group>";
		};
		FBF8C2DE27EDCFFE0000F7F7 /* Products */ = {
			isa = PBXGroup;
			children = (
				FBF8C2DD27EDCFFE0000F7F7 /* ChatApp.app */,
			);
			name = Products;
			sourceTree = "<group>";
		};
		FBF8C2DF27EDCFFE0000F7F7 /* ChatApp */ = {
			isa = PBXGroup;
			children = (
				FBF8C2F927EDD04C0000F7F7 /* Model */,
				FBF8C2F827EDD04B0000F7F7 /* View */,
				FBF8C2F627EDD0440000F7F7 /* Controller */,
				FBF8C2F527EDD03E0000F7F7 /* API */,
				FBF8C2F427EDD03D0000F7F7 /* Utils */,
				FB8B9305280AC036009ED9B2 /* Coordinator */,
				FBF8C2E027EDCFFE0000F7F7 /* AppDelegate.swift */,
				FBF8C2E227EDCFFE0000F7F7 /* SceneDelegate.swift */,
				FBF8C2E427EDCFFE0000F7F7 /* ViewController.swift */,
				FBF8C2E627EDCFFE0000F7F7 /* Main.storyboard */,
				FBF8C2E927EDCFFF0000F7F7 /* Assets.xcassets */,
				FBF8C2EB27EDCFFF0000F7F7 /* LaunchScreen.storyboard */,
				FBF8C2EE27EDCFFF0000F7F7 /* Info.plist */,
				FB792B0B282A5358004B748F /* GoogleService-Info.plist */,
			);
			path = ChatApp;
			sourceTree = "<group>";
		};
		FBF8C2F427EDD03D0000F7F7 /* Utils */ = {
			isa = PBXGroup;
			children = (
				FB8B921C28001B36009ED9B2 /* Extension+ */,
				FB8B921D28001B44009ED9B2 /* Constants.swift */,
				FB40A344282F921300DCD1F0 /* Credentials.swift */,
			);
			path = Utils;
			sourceTree = "<group>";
		};
		FBF8C2F527EDD03E0000F7F7 /* API */ = {
			isa = PBXGroup;
			children = (
				FBE141D127F9865400B461A0 /* AuthService.swift */,
				FBE141D927FB001B00B461A0 /* Service.swift */,
			);
			path = API;
			sourceTree = "<group>";
		};
		FBF8C2F627EDD0440000F7F7 /* Controller */ = {
			isa = PBXGroup;
			children = (
				FB08092B2819280100857A98 /* Profile */,
				FBF8C30427EF18190000F7F7 /* Authentification */,
				FB0809262819267700857A98 /* Main */,
				FB0809282819276A00857A98 /* Chat */,
				FB0809292819279D00857A98 /* Settings */,
				FB08092A281927A400857A98 /* UserInfo */,
			);
			path = Controller;
			sourceTree = "<group>";
		};
		FBF8C2F827EDD04B0000F7F7 /* View */ = {
			isa = PBXGroup;
			children = (
				FBF8C30B27F04A1F0000F7F7 /* InputContainerView.swift */,
				FBF8C30D27F0537D0000F7F7 /* CustomTextField.swift */,
				FBE141DD27FC85F000B461A0 /* CustomInputAccessoryView.swift */,
				FB40A33B282E6AD400DCD1F0 /* EditInfoInputContainerView.swift */,
				FB40A33D282E6C0600DCD1F0 /* CustomLabel.swift */,
			);
			path = View;
			sourceTree = "<group>";
		};
		FBF8C2F927EDD04C0000F7F7 /* Model */ = {
			isa = PBXGroup;
			children = (
				FBE141D727FAFFD400B461A0 /* User.swift */,
				FB9DDF2227FEDE7A0017DF57 /* Message.swift */,
			);
			path = Model;
			sourceTree = "<group>";
		};
		FBF8C30427EF18190000F7F7 /* Authentification */ = {
			isa = PBXGroup;
			children = (
				FB0809232819263B00857A98 /* Login */,
				FB0809252819265100857A98 /* Registration */,
			);
			path = Authentification;
			sourceTree = "<group>";
		};
/* End PBXGroup section */

/* Begin PBXNativeTarget section */
		FBF8C2DC27EDCFFE0000F7F7 /* ChatApp */ = {
			isa = PBXNativeTarget;
			buildConfigurationList = FBF8C2F127EDCFFF0000F7F7 /* Build configuration list for PBXNativeTarget "ChatApp" */;
			buildPhases = (
				FBF8C2D927EDCFFE0000F7F7 /* Sources */,
				FBF8C2DA27EDCFFE0000F7F7 /* Frameworks */,
				FBF8C2DB27EDCFFE0000F7F7 /* Resources */,
			);
			buildRules = (
			);
			dependencies = (
			);
			name = ChatApp;
			packageProductDependencies = (
				FBF8C2FD27EF0CB30000F7F7 /* SnapKit */,
				FBF8C30027EF0CC80000F7F7 /* Then */,
				FBE141C727F8367F00B461A0 /* Kingfisher */,
				FBE141CA27F836A000B461A0 /* JGProgressHUD */,
				FBE141CF27F853A300B461A0 /* SwiftyBeaver */,
				FB08091B2817FEF400857A98 /* FirebaseAuth */,
				FB08091D2817FEF400857A98 /* FirebaseFirestore */,
				FB08091F2817FEF400857A98 /* FirebaseStorage */,
			);
			productName = ChatApp;
			productReference = FBF8C2DD27EDCFFE0000F7F7 /* ChatApp.app */;
			productType = "com.apple.product-type.application";
		};
/* End PBXNativeTarget section */

/* Begin PBXProject section */
		FBF8C2D527EDCFFE0000F7F7 /* Project object */ = {
			isa = PBXProject;
			attributes = {
				BuildIndependentTargetsInParallel = 1;
				LastSwiftUpdateCheck = 1320;
				LastUpgradeCheck = 1320;
				TargetAttributes = {
					FBF8C2DC27EDCFFE0000F7F7 = {
						CreatedOnToolsVersion = 13.2.1;
					};
				};
			};
			buildConfigurationList = FBF8C2D827EDCFFE0000F7F7 /* Build configuration list for PBXProject "ChatApp" */;
			compatibilityVersion = "Xcode 13.0";
			developmentRegion = en;
			hasScannedForEncodings = 0;
			knownRegions = (
				en,
				Base,
			);
			mainGroup = FBF8C2D427EDCFFE0000F7F7;
			packageReferences = (
				FBF8C2FC27EF0CB30000F7F7 /* XCRemoteSwiftPackageReference "SnapKit" */,
				FBF8C2FF27EF0CC80000F7F7 /* XCRemoteSwiftPackageReference "Then" */,
				FBE141C627F8367F00B461A0 /* XCRemoteSwiftPackageReference "Kingfisher" */,
				FBE141C927F836A000B461A0 /* XCRemoteSwiftPackageReference "JGProgressHUD" */,
				FBE141CE27F853A300B461A0 /* XCRemoteSwiftPackageReference "SwiftyBeaver" */,
				FB08091A2817FEF400857A98 /* XCRemoteSwiftPackageReference "firebase-ios-sdk" */,
			);
			productRefGroup = FBF8C2DE27EDCFFE0000F7F7 /* Products */;
			projectDirPath = "";
			projectRoot = "";
			targets = (
				FBF8C2DC27EDCFFE0000F7F7 /* ChatApp */,
			);
		};
/* End PBXProject section */

/* Begin PBXResourcesBuildPhase section */
		FBF8C2DB27EDCFFE0000F7F7 /* Resources */ = {
			isa = PBXResourcesBuildPhase;
			buildActionMask = 2147483647;
			files = (
				FBF8C2ED27EDCFFF0000F7F7 /* LaunchScreen.storyboard in Resources */,
				FB792B0C282A5358004B748F /* GoogleService-Info.plist in Resources */,
				FBF8C2EA27EDCFFF0000F7F7 /* Assets.xcassets in Resources */,
				FBF8C2E827EDCFFE0000F7F7 /* Main.storyboard in Resources */,
			);
			runOnlyForDeploymentPostprocessing = 0;
		};
/* End PBXResourcesBuildPhase section */

/* Begin PBXSourcesBuildPhase section */
		FBF8C2D927EDCFFE0000F7F7 /* Sources */ = {
			isa = PBXSourcesBuildPhase;
			buildActionMask = 2147483647;
			files = (
				FB8B921927FEE354009ED9B2 /* MessageViewModel.swift in Sources */,
				FB40A33E282E6C0600DCD1F0 /* CustomLabel.swift in Sources */,
				FBF8C2E527EDCFFE0000F7F7 /* ViewController.swift in Sources */,
				FB9DDF2127FECF4C0017DF57 /* MessageCell.swift in Sources */,
				FBE141BC27F6F4CD00B461A0 /* RegistrationViewModel.swift in Sources */,
				FB40A32A282B929800DCD1F0 /* ScreenViewModel.swift in Sources */,
				FBE141D627FAFA3F00B461A0 /* NewMessageCell.swift in Sources */,
				FB8B92242802D44F009ED9B2 /* ProfileController.swift in Sources */,
				FB8B92282802E65F009ED9B2 /* ProfileViewModel.swift in Sources */,
				FB8B92222802CF14009ED9B2 /* ConversationViewModel.swift in Sources */,
				FB40A322282B8BC800DCD1F0 /* ScreenController.swift in Sources */,
				FBF8C30C27F04A1F0000F7F7 /* InputContainerView.swift in Sources */,
				FB8B921E28001B44009ED9B2 /* Constants.swift in Sources */,
				FBE141D827FAFFD400B461A0 /* User.swift in Sources */,
				FB40A33A282E676A00DCD1F0 /* EditUserInfoView.swift in Sources */,
				FBE141B927F6DE5100B461A0 /* LoginViewModel.swift in Sources */,
				FB9DDF2327FEDE7A0017DF57 /* Message.swift in Sources */,
				FBE141D427FAECCA00B461A0 /* NewMessageController.swift in Sources */,
				FBF8C31027F05DF70000F7F7 /* UIViewController+.swift in Sources */,
				FBF8C2E127EDCFFE0000F7F7 /* AppDelegate.swift in Sources */,
				FBE141D227F9865400B461A0 /* AuthService.swift in Sources */,
				FBF8C2FB27EDD0730000F7F7 /* ConversationsController.swift in Sources */,
				FB8B930F280AC6AF009ED9B2 /* SettingCell.swift in Sources */,
				FBE141DE27FC85F000B461A0 /* CustomInputAccessoryView.swift in Sources */,
				FBE141DA27FB001B00B461A0 /* Service.swift in Sources */,
				FBF8C2E327EDCFFE0000F7F7 /* SceneDelegate.swift in Sources */,
				FB40A345282F921300DCD1F0 /* Credentials.swift in Sources */,
				FBF8C30827EF18830000F7F7 /* RegistrationController.swift in Sources */,
				FBF8C30627EF18290000F7F7 /* LoginController.swift in Sources */,
				FB8B930D280AC52A009ED9B2 /* SettingViewModel.swift in Sources */,
				FB8B92202802C9B2009ED9B2 /* ConversationCell.swift in Sources */,
				FB8B9307280AC040009ED9B2 /* Coordinator.swift in Sources */,
				FB40A33C282E6AD400DCD1F0 /* EditInfoInputContainerView.swift in Sources */,
				FB8B9309280AC0FE009ED9B2 /* MainCoordinator.swift in Sources */,
				FBF8C30A27EF21D90000F7F7 /* UIView+.swift in Sources */,
				FBF8C30E27F0537D0000F7F7 /* CustomTextField.swift in Sources */,
				FB40A334282E58AC00DCD1F0 /* EditUserInfoController.swift in Sources */,
				FB8B9311280ADB4A009ED9B2 /* UserInfoController.swift in Sources */,
				FBE141DC27FC513900B461A0 /* ChatController.swift in Sources */,
				FB8B922A2802E7CC009ED9B2 /* ProfileCell.swift in Sources */,
				FB8B930B280AC466009ED9B2 /* SettingController.swift in Sources */,
				FBA6B650280ADD9A00A32B6E /* UserInfoCell.swift in Sources */,
				FB8B92262802D61C009ED9B2 /* ProfileHeader.swift in Sources */,
				FB8B922C28041A18009ED9B2 /* ProfileFooter.swift in Sources */,
				FB40A340282E723300DCD1F0 /* UITextField+.swift in Sources */,
				FBA6B64E280ADC4100A32B6E /* UserInfoViewModel.swift in Sources */,
				FB40A32D282B93D900DCD1F0 /* ScreenCell.swift in Sources */,
			);
			runOnlyForDeploymentPostprocessing = 0;
		};
/* End PBXSourcesBuildPhase section */

/* Begin PBXVariantGroup section */
		FBF8C2E627EDCFFE0000F7F7 /* Main.storyboard */ = {
			isa = PBXVariantGroup;
			children = (
				FBF8C2E727EDCFFE0000F7F7 /* Base */,
			);
			name = Main.storyboard;
			sourceTree = "<group>";
		};
		FBF8C2EB27EDCFFF0000F7F7 /* LaunchScreen.storyboard */ = {
			isa = PBXVariantGroup;
			children = (
				FBF8C2EC27EDCFFF0000F7F7 /* Base */,
			);
			name = LaunchScreen.storyboard;
			sourceTree = "<group>";
		};
/* End PBXVariantGroup section */

/* Begin XCBuildConfiguration section */
		FBF8C2EF27EDCFFF0000F7F7 /* Debug */ = {
			isa = XCBuildConfiguration;
			buildSettings = {
				ALWAYS_SEARCH_USER_PATHS = NO;
				CLANG_ANALYZER_NONNULL = YES;
				CLANG_ANALYZER_NUMBER_OBJECT_CONVERSION = YES_AGGRESSIVE;
				CLANG_CXX_LANGUAGE_STANDARD = "gnu++17";
				CLANG_CXX_LIBRARY = "libc++";
				CLANG_ENABLE_MODULES = YES;
				CLANG_ENABLE_OBJC_ARC = YES;
				CLANG_ENABLE_OBJC_WEAK = YES;
				CLANG_WARN_BLOCK_CAPTURE_AUTORELEASING = YES;
				CLANG_WARN_BOOL_CONVERSION = YES;
				CLANG_WARN_COMMA = YES;
				CLANG_WARN_CONSTANT_CONVERSION = YES;
				CLANG_WARN_DEPRECATED_OBJC_IMPLEMENTATIONS = YES;
				CLANG_WARN_DIRECT_OBJC_ISA_USAGE = YES_ERROR;
				CLANG_WARN_DOCUMENTATION_COMMENTS = YES;
				CLANG_WARN_EMPTY_BODY = YES;
				CLANG_WARN_ENUM_CONVERSION = YES;
				CLANG_WARN_INFINITE_RECURSION = YES;
				CLANG_WARN_INT_CONVERSION = YES;
				CLANG_WARN_NON_LITERAL_NULL_CONVERSION = YES;
				CLANG_WARN_OBJC_IMPLICIT_RETAIN_SELF = YES;
				CLANG_WARN_OBJC_LITERAL_CONVERSION = YES;
				CLANG_WARN_OBJC_ROOT_CLASS = YES_ERROR;
				CLANG_WARN_QUOTED_INCLUDE_IN_FRAMEWORK_HEADER = YES;
				CLANG_WARN_RANGE_LOOP_ANALYSIS = YES;
				CLANG_WARN_STRICT_PROTOTYPES = YES;
				CLANG_WARN_SUSPICIOUS_MOVE = YES;
				CLANG_WARN_UNGUARDED_AVAILABILITY = YES_AGGRESSIVE;
				CLANG_WARN_UNREACHABLE_CODE = YES;
				CLANG_WARN__DUPLICATE_METHOD_MATCH = YES;
				COPY_PHASE_STRIP = NO;
				DEBUG_INFORMATION_FORMAT = dwarf;
				ENABLE_STRICT_OBJC_MSGSEND = YES;
				ENABLE_TESTABILITY = YES;
				GCC_C_LANGUAGE_STANDARD = gnu11;
				GCC_DYNAMIC_NO_PIC = NO;
				GCC_NO_COMMON_BLOCKS = YES;
				GCC_OPTIMIZATION_LEVEL = 0;
				GCC_PREPROCESSOR_DEFINITIONS = (
					"DEBUG=1",
					"$(inherited)",
				);
				GCC_WARN_64_TO_32_BIT_CONVERSION = YES;
				GCC_WARN_ABOUT_RETURN_TYPE = YES_ERROR;
				GCC_WARN_UNDECLARED_SELECTOR = YES;
				GCC_WARN_UNINITIALIZED_AUTOS = YES_AGGRESSIVE;
				GCC_WARN_UNUSED_FUNCTION = YES;
				GCC_WARN_UNUSED_VARIABLE = YES;
				IPHONEOS_DEPLOYMENT_TARGET = 15.2;
				MTL_ENABLE_DEBUG_INFO = INCLUDE_SOURCE;
				MTL_FAST_MATH = YES;
				ONLY_ACTIVE_ARCH = YES;
				SDKROOT = iphoneos;
				SWIFT_ACTIVE_COMPILATION_CONDITIONS = DEBUG;
				SWIFT_OPTIMIZATION_LEVEL = "-Onone";
			};
			name = Debug;
		};
		FBF8C2F027EDCFFF0000F7F7 /* Release */ = {
			isa = XCBuildConfiguration;
			buildSettings = {
				ALWAYS_SEARCH_USER_PATHS = NO;
				CLANG_ANALYZER_NONNULL = YES;
				CLANG_ANALYZER_NUMBER_OBJECT_CONVERSION = YES_AGGRESSIVE;
				CLANG_CXX_LANGUAGE_STANDARD = "gnu++17";
				CLANG_CXX_LIBRARY = "libc++";
				CLANG_ENABLE_MODULES = YES;
				CLANG_ENABLE_OBJC_ARC = YES;
				CLANG_ENABLE_OBJC_WEAK = YES;
				CLANG_WARN_BLOCK_CAPTURE_AUTORELEASING = YES;
				CLANG_WARN_BOOL_CONVERSION = YES;
				CLANG_WARN_COMMA = YES;
				CLANG_WARN_CONSTANT_CONVERSION = YES;
				CLANG_WARN_DEPRECATED_OBJC_IMPLEMENTATIONS = YES;
				CLANG_WARN_DIRECT_OBJC_ISA_USAGE = YES_ERROR;
				CLANG_WARN_DOCUMENTATION_COMMENTS = YES;
				CLANG_WARN_EMPTY_BODY = YES;
				CLANG_WARN_ENUM_CONVERSION = YES;
				CLANG_WARN_INFINITE_RECURSION = YES;
				CLANG_WARN_INT_CONVERSION = YES;
				CLANG_WARN_NON_LITERAL_NULL_CONVERSION = YES;
				CLANG_WARN_OBJC_IMPLICIT_RETAIN_SELF = YES;
				CLANG_WARN_OBJC_LITERAL_CONVERSION = YES;
				CLANG_WARN_OBJC_ROOT_CLASS = YES_ERROR;
				CLANG_WARN_QUOTED_INCLUDE_IN_FRAMEWORK_HEADER = YES;
				CLANG_WARN_RANGE_LOOP_ANALYSIS = YES;
				CLANG_WARN_STRICT_PROTOTYPES = YES;
				CLANG_WARN_SUSPICIOUS_MOVE = YES;
				CLANG_WARN_UNGUARDED_AVAILABILITY = YES_AGGRESSIVE;
				CLANG_WARN_UNREACHABLE_CODE = YES;
				CLANG_WARN__DUPLICATE_METHOD_MATCH = YES;
				COPY_PHASE_STRIP = NO;
				DEBUG_INFORMATION_FORMAT = "dwarf-with-dsym";
				ENABLE_NS_ASSERTIONS = NO;
				ENABLE_STRICT_OBJC_MSGSEND = YES;
				GCC_C_LANGUAGE_STANDARD = gnu11;
				GCC_NO_COMMON_BLOCKS = YES;
				GCC_WARN_64_TO_32_BIT_CONVERSION = YES;
				GCC_WARN_ABOUT_RETURN_TYPE = YES_ERROR;
				GCC_WARN_UNDECLARED_SELECTOR = YES;
				GCC_WARN_UNINITIALIZED_AUTOS = YES_AGGRESSIVE;
				GCC_WARN_UNUSED_FUNCTION = YES;
				GCC_WARN_UNUSED_VARIABLE = YES;
				IPHONEOS_DEPLOYMENT_TARGET = 15.2;
				MTL_ENABLE_DEBUG_INFO = NO;
				MTL_FAST_MATH = YES;
				SDKROOT = iphoneos;
				SWIFT_COMPILATION_MODE = wholemodule;
				SWIFT_OPTIMIZATION_LEVEL = "-O";
				VALIDATE_PRODUCT = YES;
			};
			name = Release;
		};
		FBF8C2F227EDCFFF0000F7F7 /* Debug */ = {
			isa = XCBuildConfiguration;
			buildSettings = {
				ASSETCATALOG_COMPILER_APPICON_NAME = AppIcon;
				ASSETCATALOG_COMPILER_GLOBAL_ACCENT_COLOR_NAME = AccentColor;
				CODE_SIGN_STYLE = Automatic;
				CURRENT_PROJECT_VERSION = 1;
				DEVELOPMENT_TEAM = LFRY7BQTRY;
				GENERATE_INFOPLIST_FILE = YES;
				INFOPLIST_FILE = ChatApp/Info.plist;
				INFOPLIST_KEY_UIApplicationSupportsIndirectInputEvents = YES;
				INFOPLIST_KEY_UILaunchStoryboardName = LaunchScreen;
				INFOPLIST_KEY_UIMainStoryboardFile = Main;
				INFOPLIST_KEY_UISupportedInterfaceOrientations_iPad = "UIInterfaceOrientationPortrait UIInterfaceOrientationPortraitUpsideDown UIInterfaceOrientationLandscapeLeft UIInterfaceOrientationLandscapeRight";
				INFOPLIST_KEY_UISupportedInterfaceOrientations_iPhone = "UIInterfaceOrientationPortrait UIInterfaceOrientationLandscapeLeft UIInterfaceOrientationLandscapeRight";
				LD_RUNPATH_SEARCH_PATHS = (
					"$(inherited)",
					"@executable_path/Frameworks",
				);
				MARKETING_VERSION = 1.0;
				PRODUCT_BUNDLE_IDENTIFIER = "Lee-JaeHyeok.ChatApp";
				PRODUCT_NAME = "$(TARGET_NAME)";
				SWIFT_EMIT_LOC_STRINGS = YES;
				SWIFT_VERSION = 5.0;
				TARGETED_DEVICE_FAMILY = "1,2";
			};
			name = Debug;
		};
		FBF8C2F327EDCFFF0000F7F7 /* Release */ = {
			isa = XCBuildConfiguration;
			buildSettings = {
				ASSETCATALOG_COMPILER_APPICON_NAME = AppIcon;
				ASSETCATALOG_COMPILER_GLOBAL_ACCENT_COLOR_NAME = AccentColor;
				CODE_SIGN_STYLE = Automatic;
				CURRENT_PROJECT_VERSION = 1;
				DEVELOPMENT_TEAM = LFRY7BQTRY;
				GENERATE_INFOPLIST_FILE = YES;
				INFOPLIST_FILE = ChatApp/Info.plist;
				INFOPLIST_KEY_UIApplicationSupportsIndirectInputEvents = YES;
				INFOPLIST_KEY_UILaunchStoryboardName = LaunchScreen;
				INFOPLIST_KEY_UIMainStoryboardFile = Main;
				INFOPLIST_KEY_UISupportedInterfaceOrientations_iPad = "UIInterfaceOrientationPortrait UIInterfaceOrientationPortraitUpsideDown UIInterfaceOrientationLandscapeLeft UIInterfaceOrientationLandscapeRight";
				INFOPLIST_KEY_UISupportedInterfaceOrientations_iPhone = "UIInterfaceOrientationPortrait UIInterfaceOrientationLandscapeLeft UIInterfaceOrientationLandscapeRight";
				LD_RUNPATH_SEARCH_PATHS = (
					"$(inherited)",
					"@executable_path/Frameworks",
				);
				MARKETING_VERSION = 1.0;
				PRODUCT_BUNDLE_IDENTIFIER = "Lee-JaeHyeok.ChatApp";
				PRODUCT_NAME = "$(TARGET_NAME)";
				SWIFT_EMIT_LOC_STRINGS = YES;
				SWIFT_VERSION = 5.0;
				TARGETED_DEVICE_FAMILY = "1,2";
			};
			name = Release;
		};
/* End XCBuildConfiguration section */

/* Begin XCConfigurationList section */
		FBF8C2D827EDCFFE0000F7F7 /* Build configuration list for PBXProject "ChatApp" */ = {
			isa = XCConfigurationList;
			buildConfigurations = (
				FBF8C2EF27EDCFFF0000F7F7 /* Debug */,
				FBF8C2F027EDCFFF0000F7F7 /* Release */,
			);
			defaultConfigurationIsVisible = 0;
			defaultConfigurationName = Release;
		};
		FBF8C2F127EDCFFF0000F7F7 /* Build configuration list for PBXNativeTarget "ChatApp" */ = {
			isa = XCConfigurationList;
			buildConfigurations = (
				FBF8C2F227EDCFFF0000F7F7 /* Debug */,
				FBF8C2F327EDCFFF0000F7F7 /* Release */,
			);
			defaultConfigurationIsVisible = 0;
			defaultConfigurationName = Release;
		};
/* End XCConfigurationList section */

/* Begin XCRemoteSwiftPackageReference section */
		FB08091A2817FEF400857A98 /* XCRemoteSwiftPackageReference "firebase-ios-sdk" */ = {
			isa = XCRemoteSwiftPackageReference;
			repositoryURL = "https://github.com/firebase/firebase-ios-sdk";
			requirement = {
				kind = upToNextMajorVersion;
				minimumVersion = 8.0.0;
			};
		};
		FBE141C627F8367F00B461A0 /* XCRemoteSwiftPackageReference "Kingfisher" */ = {
			isa = XCRemoteSwiftPackageReference;
			repositoryURL = "https://github.com/onevcat/Kingfisher";
			requirement = {
				kind = upToNextMajorVersion;
				minimumVersion = 7.0.0;
			};
		};
		FBE141C927F836A000B461A0 /* XCRemoteSwiftPackageReference "JGProgressHUD" */ = {
			isa = XCRemoteSwiftPackageReference;
			repositoryURL = "https://github.com/JonasGessner/JGProgressHUD";
			requirement = {
				kind = upToNextMajorVersion;
				minimumVersion = 2.0.0;
			};
		};
		FBE141CE27F853A300B461A0 /* XCRemoteSwiftPackageReference "SwiftyBeaver" */ = {
			isa = XCRemoteSwiftPackageReference;
			repositoryURL = "https://github.com/SwiftyBeaver/SwiftyBeaver";
			requirement = {
				kind = upToNextMajorVersion;
				minimumVersion = 1.0.0;
			};
		};
		FBF8C2FC27EF0CB30000F7F7 /* XCRemoteSwiftPackageReference "SnapKit" */ = {
			isa = XCRemoteSwiftPackageReference;
			repositoryURL = "https://github.com/SnapKit/SnapKit";
			requirement = {
				branch = develop;
				kind = branch;
			};
		};
		FBF8C2FF27EF0CC80000F7F7 /* XCRemoteSwiftPackageReference "Then" */ = {
			isa = XCRemoteSwiftPackageReference;
			repositoryURL = "https://github.com/devxoul/Then";
			requirement = {
				kind = upToNextMajorVersion;
				minimumVersion = 2.0.0;
			};
		};
/* End XCRemoteSwiftPackageReference section */

/* Begin XCSwiftPackageProductDependency section */
		FB08091B2817FEF400857A98 /* FirebaseAuth */ = {
			isa = XCSwiftPackageProductDependency;
			package = FB08091A2817FEF400857A98 /* XCRemoteSwiftPackageReference "firebase-ios-sdk" */;
			productName = FirebaseAuth;
		};
		FB08091D2817FEF400857A98 /* FirebaseFirestore */ = {
			isa = XCSwiftPackageProductDependency;
			package = FB08091A2817FEF400857A98 /* XCRemoteSwiftPackageReference "firebase-ios-sdk" */;
			productName = FirebaseFirestore;
		};
		FB08091F2817FEF400857A98 /* FirebaseStorage */ = {
			isa = XCSwiftPackageProductDependency;
			package = FB08091A2817FEF400857A98 /* XCRemoteSwiftPackageReference "firebase-ios-sdk" */;
			productName = FirebaseStorage;
		};
		FBE141C727F8367F00B461A0 /* Kingfisher */ = {
			isa = XCSwiftPackageProductDependency;
			package = FBE141C627F8367F00B461A0 /* XCRemoteSwiftPackageReference "Kingfisher" */;
			productName = Kingfisher;
		};
		FBE141CA27F836A000B461A0 /* JGProgressHUD */ = {
			isa = XCSwiftPackageProductDependency;
			package = FBE141C927F836A000B461A0 /* XCRemoteSwiftPackageReference "JGProgressHUD" */;
			productName = JGProgressHUD;
		};
		FBE141CF27F853A300B461A0 /* SwiftyBeaver */ = {
			isa = XCSwiftPackageProductDependency;
			package = FBE141CE27F853A300B461A0 /* XCRemoteSwiftPackageReference "SwiftyBeaver" */;
			productName = SwiftyBeaver;
		};
		FBF8C2FD27EF0CB30000F7F7 /* SnapKit */ = {
			isa = XCSwiftPackageProductDependency;
			package = FBF8C2FC27EF0CB30000F7F7 /* XCRemoteSwiftPackageReference "SnapKit" */;
			productName = SnapKit;
		};
		FBF8C30027EF0CC80000F7F7 /* Then */ = {
			isa = XCSwiftPackageProductDependency;
			package = FBF8C2FF27EF0CC80000F7F7 /* XCRemoteSwiftPackageReference "Then" */;
			productName = Then;
		};
/* End XCSwiftPackageProductDependency section */
	};
	rootObject = FBF8C2D527EDCFFE0000F7F7 /* Project object */;
}
